
Microsoft Visual Studio Solution File, Format Version 12.00
# Visual Studio Version 17
VisualStudioVersion = 17.0.31903.59
MinimumVisualStudioVersion = 10.0.40219.1
Project("{FAE04EC0-301F-11D3-BF4B-00C04F79EFBC}") = "API", "API\API.csproj", "{3AA1ACFF-B7A8-4FCA-B523-BE163DAFFDC1}"
EndProject
Project("{FAE04EC0-301F-11D3-BF4B-00C04F79EFBC}") = "Application", "Application\Application.csproj", "{D0B582B8-0B88-43D8-98EE-6D1E595C75D6}"
EndProject
Project("{FAE04EC0-301F-11D3-BF4B-00C04F79EFBC}") = "Domain", "Domain\Domain.csproj", "{AB3ED582-A79A-4AD8-8771-8A0225AA9D9B}"
EndProject
Project("{FAE04EC0-301F-11D3-BF4B-00C04F79EFBC}") = "Persistence", "Persistence\Persistence.csproj", "{2A59BF15-564F-4D12-8136-40C1F2C853FA}"
EndProject
Global
	GlobalSection(SolutionConfigurationPlatforms) = preSolution
		Debug|Any CPU = Debug|Any CPU
		Release|Any CPU = Release|Any CPU
	EndGlobalSection
	GlobalSection(SolutionProperties) = preSolution
		HideSolutionNode = FALSE
	EndGlobalSection
	GlobalSection(ProjectConfigurationPlatforms) = postSolution
		{3AA1ACFF-B7A8-4FCA-B523-BE163DAFFDC1}.Debug|Any CPU.ActiveCfg = Debug|Any CPU
		{3AA1ACFF-B7A8-4FCA-B523-BE163DAFFDC1}.Debug|Any CPU.Build.0 = Debug|Any CPU
		{3AA1ACFF-B7A8-4FCA-B523-BE163DAFFDC1}.Release|Any CPU.ActiveCfg = Release|Any CPU
		{3AA1ACFF-B7A8-4FCA-B523-BE163DAFFDC1}.Release|Any CPU.Build.0 = Release|Any CPU
		{D0B582B8-0B88-43D8-98EE-6D1E595C75D6}.Debug|Any CPU.ActiveCfg = Debug|Any CPU
		{D0B582B8-0B88-43D8-98EE-6D1E595C75D6}.Debug|Any CPU.Build.0 = Debug|Any CPU
		{D0B582B8-0B88-43D8-98EE-6D1E595C75D6}.Release|Any CPU.ActiveCfg = Release|Any CPU
		{D0B582B8-0B88-43D8-98EE-6D1E595C75D6}.Release|Any CPU.Build.0 = Release|Any CPU
		{AB3ED582-A79A-4AD8-8771-8A0225AA9D9B}.Debug|Any CPU.ActiveCfg = Debug|Any CPU
		{AB3ED582-A79A-4AD8-8771-8A0225AA9D9B}.Debug|Any CPU.Build.0 = Debug|Any CPU
		{AB3ED582-A79A-4AD8-8771-8A0225AA9D9B}.Release|Any CPU.ActiveCfg = Release|Any CPU
		{AB3ED582-A79A-4AD8-8771-8A0225AA9D9B}.Release|Any CPU.Build.0 = Release|Any CPU
		{2A59BF15-564F-4D12-8136-40C1F2C853FA}.Debug|Any CPU.ActiveCfg = Debug|Any CPU
		{2A59BF15-564F-4D12-8136-40C1F2C853FA}.Debug|Any CPU.Build.0 = Debug|Any CPU
		{2A59BF15-564F-4D12-8136-40C1F2C853FA}.Release|Any CPU.ActiveCfg = Release|Any CPU
		{2A59BF15-564F-4D12-8136-40C1F2C853FA}.Release|Any CPU.Build.0 = Release|Any CPU
	EndGlobalSection
EndGlobal
